// !$*UTF8*$!
{
	archiveVersion = 1;
	classes = {
	};
	objectVersion = 55;
	objects = {

/* Begin PBXBuildFile section */
		6007EA24FDEADCE2C4006BC7 /* Pods_SurfMate_iOS_SurfMate_iOSUITests.framework in Frameworks */ = {isa = PBXBuildFile; fileRef = FEA83BC9F2FDB5B5BA821685 /* Pods_SurfMate_iOS_SurfMate_iOSUITests.framework */; };
		844652E0A0CE2CAA9170DA0A /* Pods_SurfMate_iOS.framework in Frameworks */ = {isa = PBXBuildFile; fileRef = 87795A4B21B29CC69603F003 /* Pods_SurfMate_iOS.framework */; };
		A9472530A82EE8B0A155F040 /* Pods_SurfMate_iOSTests.framework in Frameworks */ = {isa = PBXBuildFile; fileRef = E9E0C16F896A8E8F031D2713 /* Pods_SurfMate_iOSTests.framework */; };
		BF0E29F02988DBB500E95FC4 /* User.swift in Sources */ = {isa = PBXBuildFile; fileRef = BF0E29EF2988DBB500E95FC4 /* User.swift */; };
		BF0E29F22988DBF700E95FC4 /* SignUpRepository.swift in Sources */ = {isa = PBXBuildFile; fileRef = BF0E29F12988DBF700E95FC4 /* SignUpRepository.swift */; };
		BF1C8B242978F292008E6FE5 /* FoundationExtension.swift in Sources */ = {isa = PBXBuildFile; fileRef = BF1C8B232978F292008E6FE5 /* FoundationExtension.swift */; };
		BF21078229373F7B008E99D2 /* AppDelegate.swift in Sources */ = {isa = PBXBuildFile; fileRef = BF21078129373F7B008E99D2 /* AppDelegate.swift */; };
		BF21078429373F7B008E99D2 /* SceneDelegate.swift in Sources */ = {isa = PBXBuildFile; fileRef = BF21078329373F7B008E99D2 /* SceneDelegate.swift */; };
		BF21078629373F7B008E99D2 /* LaunchViewController.swift in Sources */ = {isa = PBXBuildFile; fileRef = BF21078529373F7B008E99D2 /* LaunchViewController.swift */; };
		BF21078B29373F7C008E99D2 /* Assets.xcassets in Resources */ = {isa = PBXBuildFile; fileRef = BF21078A29373F7C008E99D2 /* Assets.xcassets */; };
		BF21079929373F7C008E99D2 /* SignUpAPITest.swift in Sources */ = {isa = PBXBuildFile; fileRef = BF21079829373F7C008E99D2 /* SignUpAPITest.swift */; };
		BF2107A329373F7C008E99D2 /* SurfMate_iOSUITests.swift in Sources */ = {isa = PBXBuildFile; fileRef = BF2107A229373F7C008E99D2 /* SurfMate_iOSUITests.swift */; };
		BF2107A529373F7C008E99D2 /* SurfMate_iOSUITestsLaunchTests.swift in Sources */ = {isa = PBXBuildFile; fileRef = BF2107A429373F7C008E99D2 /* SurfMate_iOSUITestsLaunchTests.swift */; };
		BF23BD4529A741F00062391B /* DefaultLoginViewController.swift in Sources */ = {isa = PBXBuildFile; fileRef = BF23BD4429A741F00062391B /* DefaultLoginViewController.swift */; };
		BF2895F129C2CF4600177B2A /* AlertSheet.swift in Sources */ = {isa = PBXBuildFile; fileRef = BF2895F029C2CF4600177B2A /* AlertSheet.swift */; };
		BF2895F329C2EA8F00177B2A /* CertifyNumViewController.swift in Sources */ = {isa = PBXBuildFile; fileRef = BF2895F229C2EA8F00177B2A /* CertifyNumViewController.swift */; };
		BF2895F529C2EB1100177B2A /* CertifyNumViewModel.swift in Sources */ = {isa = PBXBuildFile; fileRef = BF2895F429C2EB1100177B2A /* CertifyNumViewModel.swift */; };
		BF28F8C629B96D290044986F /* NameSignUpViewController.swift in Sources */ = {isa = PBXBuildFile; fileRef = BF28F8C529B96D290044986F /* NameSignUpViewController.swift */; };
		BF28F8C829B9A4590044986F /* NameSignUpViewModel.swift in Sources */ = {isa = PBXBuildFile; fileRef = BF28F8C729B9A4590044986F /* NameSignUpViewModel.swift */; };
		BF36C90729CBEDD0003D4811 /* NicknameSignUpViewController.swift in Sources */ = {isa = PBXBuildFile; fileRef = BF36C90629CBEDD0003D4811 /* NicknameSignUpViewController.swift */; };
		BF36C90929CBEE29003D4811 /* NicknameSignUpViewModel.swift in Sources */ = {isa = PBXBuildFile; fileRef = BF36C90829CBEE29003D4811 /* NicknameSignUpViewModel.swift */; };
		BF42D9E329B8654C000491DE /* AgreeNTermViewController.swift in Sources */ = {isa = PBXBuildFile; fileRef = BF42D9E229B8654C000491DE /* AgreeNTermViewController.swift */; };
		BF42D9E629B87316000491DE /* AgreeNTermViewModel.swift in Sources */ = {isa = PBXBuildFile; fileRef = BF42D9E529B87316000491DE /* AgreeNTermViewModel.swift */; };
		BF4F31032999CD5B00D9B0F3 /* SignInRepository.swift in Sources */ = {isa = PBXBuildFile; fileRef = BF4F31022999CD5B00D9B0F3 /* SignInRepository.swift */; };
		BF5B39AA296E4FEC009ED5DD /* GoogleService-Info.plist in Resources */ = {isa = PBXBuildFile; fileRef = BF5B39A9296E4FEC009ED5DD /* GoogleService-Info.plist */; };
		BF8230EE29C4287A003F2F0C /* PasswordSignUpViewController.swift in Sources */ = {isa = PBXBuildFile; fileRef = BF8230ED29C4287A003F2F0C /* PasswordSignUpViewController.swift */; };
		BF8230F029C42899003F2F0C /* PasswordSignUpViewModel.swift in Sources */ = {isa = PBXBuildFile; fileRef = BF8230EF29C42899003F2F0C /* PasswordSignUpViewModel.swift */; };
		BF87264A29B1BE2600CAED4D /* LaunchScreen.storyboard in Resources */ = {isa = PBXBuildFile; fileRef = BF87264929B1BE2600CAED4D /* LaunchScreen.storyboard */; };
		BFB5E39729C1617A0041A65F /* GenderSignUpViewController.swift in Sources */ = {isa = PBXBuildFile; fileRef = BFB5E39629C1617A0041A65F /* GenderSignUpViewController.swift */; };
		BFB5E39929C161E60041A65F /* GenderSignUpViewModel.swift in Sources */ = {isa = PBXBuildFile; fileRef = BFB5E39829C161E60041A65F /* GenderSignUpViewModel.swift */; };
		BFB5E39B29C1749A0041A65F /* PhNumSignUpViewController.swift in Sources */ = {isa = PBXBuildFile; fileRef = BFB5E39A29C1749A0041A65F /* PhNumSignUpViewController.swift */; };
		BFB5E39D29C178C20041A65F /* PhNumSignUpViewModel.swift in Sources */ = {isa = PBXBuildFile; fileRef = BFB5E39C29C178C20041A65F /* PhNumSignUpViewModel.swift */; };
		BFD66392299B7E6D00A7BC5D /* Pretendard-Regular.otf in Resources */ = {isa = PBXBuildFile; fileRef = BFD6638E299B7E6C00A7BC5D /* Pretendard-Regular.otf */; };
		BFD66393299B7E6D00A7BC5D /* Pretendard-Regular.otf in Resources */ = {isa = PBXBuildFile; fileRef = BFD6638E299B7E6C00A7BC5D /* Pretendard-Regular.otf */; };
		BFD66394299B7E6D00A7BC5D /* Pretendard-Regular.otf in Resources */ = {isa = PBXBuildFile; fileRef = BFD6638E299B7E6C00A7BC5D /* Pretendard-Regular.otf */; };
		BFD66395299B7E6D00A7BC5D /* Pretendard-Medium.otf in Resources */ = {isa = PBXBuildFile; fileRef = BFD6638F299B7E6C00A7BC5D /* Pretendard-Medium.otf */; };
		BFD66396299B7E6D00A7BC5D /* Pretendard-Medium.otf in Resources */ = {isa = PBXBuildFile; fileRef = BFD6638F299B7E6C00A7BC5D /* Pretendard-Medium.otf */; };
		BFD66397299B7E6D00A7BC5D /* Pretendard-Medium.otf in Resources */ = {isa = PBXBuildFile; fileRef = BFD6638F299B7E6C00A7BC5D /* Pretendard-Medium.otf */; };
		BFD66398299B7E6D00A7BC5D /* Pretendard-Bold.otf in Resources */ = {isa = PBXBuildFile; fileRef = BFD66390299B7E6C00A7BC5D /* Pretendard-Bold.otf */; };
		BFD66399299B7E6D00A7BC5D /* Pretendard-Bold.otf in Resources */ = {isa = PBXBuildFile; fileRef = BFD66390299B7E6C00A7BC5D /* Pretendard-Bold.otf */; };
		BFD6639A299B7E6D00A7BC5D /* Pretendard-Bold.otf in Resources */ = {isa = PBXBuildFile; fileRef = BFD66390299B7E6C00A7BC5D /* Pretendard-Bold.otf */; };
		BFD6639B299B7E6D00A7BC5D /* Pretendard-SemiBold.otf in Resources */ = {isa = PBXBuildFile; fileRef = BFD66391299B7E6C00A7BC5D /* Pretendard-SemiBold.otf */; };
		BFD6639C299B7E6D00A7BC5D /* Pretendard-SemiBold.otf in Resources */ = {isa = PBXBuildFile; fileRef = BFD66391299B7E6C00A7BC5D /* Pretendard-SemiBold.otf */; };
		BFD6639D299B7E6D00A7BC5D /* Pretendard-SemiBold.otf in Resources */ = {isa = PBXBuildFile; fileRef = BFD66391299B7E6C00A7BC5D /* Pretendard-SemiBold.otf */; };
		BFD6639F299B7F0100A7BC5D /* UIKitExtension.swift in Sources */ = {isa = PBXBuildFile; fileRef = BFD6639E299B7F0100A7BC5D /* UIKitExtension.swift */; };
		BFD663A0299B7F0100A7BC5D /* UIKitExtension.swift in Sources */ = {isa = PBXBuildFile; fileRef = BFD6639E299B7F0100A7BC5D /* UIKitExtension.swift */; };
		BFD663A1299B7F0100A7BC5D /* UIKitExtension.swift in Sources */ = {isa = PBXBuildFile; fileRef = BFD6639E299B7F0100A7BC5D /* UIKitExtension.swift */; };
		BFD663A3299B806500A7BC5D /* MainLoginViewController.swift in Sources */ = {isa = PBXBuildFile; fileRef = BFD663A2299B806500A7BC5D /* MainLoginViewController.swift */; };
		BFD663A4299B806500A7BC5D /* MainLoginViewController.swift in Sources */ = {isa = PBXBuildFile; fileRef = BFD663A2299B806500A7BC5D /* MainLoginViewController.swift */; };
		BFD663A5299B806500A7BC5D /* MainLoginViewController.swift in Sources */ = {isa = PBXBuildFile; fileRef = BFD663A2299B806500A7BC5D /* MainLoginViewController.swift */; };
		BFDFDAD729778E1500D0D5C2 /* BaseRepository.swift in Sources */ = {isa = PBXBuildFile; fileRef = BFDFDAD629778E1500D0D5C2 /* BaseRepository.swift */; };
		BFE2A7E229750582006D8EC1 /* APIModel.swift in Sources */ = {isa = PBXBuildFile; fileRef = BFE2A7E129750581006D8EC1 /* APIModel.swift */; };
		BFE2A7E4297505CD006D8EC1 /* HealthRepository.swift in Sources */ = {isa = PBXBuildFile; fileRef = BFE2A7E3297505CD006D8EC1 /* HealthRepository.swift */; };
		BFE5ECDD298A1A2D007DF9CF /* MainLogInViewModel.swift in Sources */ = {isa = PBXBuildFile; fileRef = BFE5ECDC298A1A2D007DF9CF /* MainLogInViewModel.swift */; };
		BFE5ECE0298A301A007DF9CF /* ModelEnum.swift in Sources */ = {isa = PBXBuildFile; fileRef = BFE5ECDF298A301A007DF9CF /* ModelEnum.swift */; };
		BFE90CF929A457FB00960999 /* Custom.swift in Sources */ = {isa = PBXBuildFile; fileRef = BFE90CF829A457FB00960999 /* Custom.swift */; };
		BFEDD41929C0226100A87ED4 /* BirthSignUpViewController.swift in Sources */ = {isa = PBXBuildFile; fileRef = BFEDD41829C0226100A87ED4 /* BirthSignUpViewController.swift */; };
		BFEDD41B29C02C2900A87ED4 /* BirthSignUpViewModel.swift in Sources */ = {isa = PBXBuildFile; fileRef = BFEDD41A29C02C2900A87ED4 /* BirthSignUpViewModel.swift */; };
/* End PBXBuildFile section */

/* Begin PBXContainerItemProxy section */
		BF21079529373F7C008E99D2 /* PBXContainerItemProxy */ = {
			isa = PBXContainerItemProxy;
			containerPortal = BF21077629373F7A008E99D2 /* Project object */;
			proxyType = 1;
			remoteGlobalIDString = BF21077D29373F7A008E99D2;
			remoteInfo = SurfMate_iOS;
		};
		BF21079F29373F7C008E99D2 /* PBXContainerItemProxy */ = {
			isa = PBXContainerItemProxy;
			containerPortal = BF21077629373F7A008E99D2 /* Project object */;
			proxyType = 1;
			remoteGlobalIDString = BF21077D29373F7A008E99D2;
			remoteInfo = SurfMate_iOS;
		};
/* End PBXContainerItemProxy section */

/* Begin PBXFileReference section */
		1E3FB102429D4E6CF601A2D2 /* Pods-SurfMate_iOS-SurfMate_iOSUITests.debug.xcconfig */ = {isa = PBXFileReference; includeInIndex = 1; lastKnownFileType = text.xcconfig; name = "Pods-SurfMate_iOS-SurfMate_iOSUITests.debug.xcconfig"; path = "Target Support Files/Pods-SurfMate_iOS-SurfMate_iOSUITests/Pods-SurfMate_iOS-SurfMate_iOSUITests.debug.xcconfig"; sourceTree = "<group>"; };
		39CB1F36850D49EA0905784B /* Pods-SurfMate_iOSTests.debug.xcconfig */ = {isa = PBXFileReference; includeInIndex = 1; lastKnownFileType = text.xcconfig; name = "Pods-SurfMate_iOSTests.debug.xcconfig"; path = "Target Support Files/Pods-SurfMate_iOSTests/Pods-SurfMate_iOSTests.debug.xcconfig"; sourceTree = "<group>"; };
		3D10511C8705B414B2A99B98 /* Pods-SurfMate_iOS-SurfMate_iOSUITests.release.xcconfig */ = {isa = PBXFileReference; includeInIndex = 1; lastKnownFileType = text.xcconfig; name = "Pods-SurfMate_iOS-SurfMate_iOSUITests.release.xcconfig"; path = "Target Support Files/Pods-SurfMate_iOS-SurfMate_iOSUITests/Pods-SurfMate_iOS-SurfMate_iOSUITests.release.xcconfig"; sourceTree = "<group>"; };
		87795A4B21B29CC69603F003 /* Pods_SurfMate_iOS.framework */ = {isa = PBXFileReference; explicitFileType = wrapper.framework; includeInIndex = 0; path = Pods_SurfMate_iOS.framework; sourceTree = BUILT_PRODUCTS_DIR; };
		BF0E29EF2988DBB500E95FC4 /* User.swift */ = {isa = PBXFileReference; lastKnownFileType = sourcecode.swift; path = User.swift; sourceTree = "<group>"; };
		BF0E29F12988DBF700E95FC4 /* SignUpRepository.swift */ = {isa = PBXFileReference; lastKnownFileType = sourcecode.swift; path = SignUpRepository.swift; sourceTree = "<group>"; };
		BF1C8B232978F292008E6FE5 /* FoundationExtension.swift */ = {isa = PBXFileReference; lastKnownFileType = sourcecode.swift; path = FoundationExtension.swift; sourceTree = "<group>"; };
		BF21077E29373F7B008E99D2 /* SurfMate_iOS.app */ = {isa = PBXFileReference; explicitFileType = wrapper.application; includeInIndex = 0; path = SurfMate_iOS.app; sourceTree = BUILT_PRODUCTS_DIR; };
		BF21078129373F7B008E99D2 /* AppDelegate.swift */ = {isa = PBXFileReference; lastKnownFileType = sourcecode.swift; path = AppDelegate.swift; sourceTree = "<group>"; };
		BF21078329373F7B008E99D2 /* SceneDelegate.swift */ = {isa = PBXFileReference; lastKnownFileType = sourcecode.swift; path = SceneDelegate.swift; sourceTree = "<group>"; };
		BF21078529373F7B008E99D2 /* LaunchViewController.swift */ = {isa = PBXFileReference; lastKnownFileType = sourcecode.swift; path = LaunchViewController.swift; sourceTree = "<group>"; };
		BF21078A29373F7C008E99D2 /* Assets.xcassets */ = {isa = PBXFileReference; lastKnownFileType = folder.assetcatalog; path = Assets.xcassets; sourceTree = "<group>"; };
		BF21078F29373F7C008E99D2 /* Info.plist */ = {isa = PBXFileReference; lastKnownFileType = text.plist.xml; path = Info.plist; sourceTree = "<group>"; };
		BF21079429373F7C008E99D2 /* SurfMate_iOSTests.xctest */ = {isa = PBXFileReference; explicitFileType = wrapper.cfbundle; includeInIndex = 0; path = SurfMate_iOSTests.xctest; sourceTree = BUILT_PRODUCTS_DIR; };
		BF21079829373F7C008E99D2 /* SignUpAPITest.swift */ = {isa = PBXFileReference; lastKnownFileType = sourcecode.swift; path = SignUpAPITest.swift; sourceTree = "<group>"; };
		BF21079E29373F7C008E99D2 /* SurfMate_iOSUITests.xctest */ = {isa = PBXFileReference; explicitFileType = wrapper.cfbundle; includeInIndex = 0; path = SurfMate_iOSUITests.xctest; sourceTree = BUILT_PRODUCTS_DIR; };
		BF2107A229373F7C008E99D2 /* SurfMate_iOSUITests.swift */ = {isa = PBXFileReference; lastKnownFileType = sourcecode.swift; path = SurfMate_iOSUITests.swift; sourceTree = "<group>"; };
		BF2107A429373F7C008E99D2 /* SurfMate_iOSUITestsLaunchTests.swift */ = {isa = PBXFileReference; lastKnownFileType = sourcecode.swift; path = SurfMate_iOSUITestsLaunchTests.swift; sourceTree = "<group>"; };
		BF23BD4429A741F00062391B /* DefaultLoginViewController.swift */ = {isa = PBXFileReference; lastKnownFileType = sourcecode.swift; path = DefaultLoginViewController.swift; sourceTree = "<group>"; };
		BF2895F029C2CF4600177B2A /* AlertSheet.swift */ = {isa = PBXFileReference; lastKnownFileType = sourcecode.swift; path = AlertSheet.swift; sourceTree = "<group>"; };
		BF2895F229C2EA8F00177B2A /* CertifyNumViewController.swift */ = {isa = PBXFileReference; lastKnownFileType = sourcecode.swift; path = CertifyNumViewController.swift; sourceTree = "<group>"; };
		BF2895F429C2EB1100177B2A /* CertifyNumViewModel.swift */ = {isa = PBXFileReference; lastKnownFileType = sourcecode.swift; path = CertifyNumViewModel.swift; sourceTree = "<group>"; };
		BF28F8C529B96D290044986F /* NameSignUpViewController.swift */ = {isa = PBXFileReference; lastKnownFileType = sourcecode.swift; path = NameSignUpViewController.swift; sourceTree = "<group>"; };
		BF28F8C729B9A4590044986F /* NameSignUpViewModel.swift */ = {isa = PBXFileReference; lastKnownFileType = sourcecode.swift; path = NameSignUpViewModel.swift; sourceTree = "<group>"; };
		BF36C90629CBEDD0003D4811 /* NicknameSignUpViewController.swift */ = {isa = PBXFileReference; lastKnownFileType = sourcecode.swift; path = NicknameSignUpViewController.swift; sourceTree = "<group>"; };
		BF36C90829CBEE29003D4811 /* NicknameSignUpViewModel.swift */ = {isa = PBXFileReference; lastKnownFileType = sourcecode.swift; path = NicknameSignUpViewModel.swift; sourceTree = "<group>"; };
		BF42D9E229B8654C000491DE /* AgreeNTermViewController.swift */ = {isa = PBXFileReference; lastKnownFileType = sourcecode.swift; path = AgreeNTermViewController.swift; sourceTree = "<group>"; };
		BF42D9E529B87316000491DE /* AgreeNTermViewModel.swift */ = {isa = PBXFileReference; lastKnownFileType = sourcecode.swift; path = AgreeNTermViewModel.swift; sourceTree = "<group>"; };
		BF4F31022999CD5B00D9B0F3 /* SignInRepository.swift */ = {isa = PBXFileReference; lastKnownFileType = sourcecode.swift; path = SignInRepository.swift; sourceTree = "<group>"; };
		BF5B39A9296E4FEC009ED5DD /* GoogleService-Info.plist */ = {isa = PBXFileReference; fileEncoding = 4; lastKnownFileType = text.plist.xml; path = "GoogleService-Info.plist"; sourceTree = "<group>"; };
		BF8230ED29C4287A003F2F0C /* PasswordSignUpViewController.swift */ = {isa = PBXFileReference; lastKnownFileType = sourcecode.swift; path = PasswordSignUpViewController.swift; sourceTree = "<group>"; };
		BF8230EF29C42899003F2F0C /* PasswordSignUpViewModel.swift */ = {isa = PBXFileReference; lastKnownFileType = sourcecode.swift; path = PasswordSignUpViewModel.swift; sourceTree = "<group>"; };
		BF87264929B1BE2600CAED4D /* LaunchScreen.storyboard */ = {isa = PBXFileReference; lastKnownFileType = file.storyboard; path = LaunchScreen.storyboard; sourceTree = "<group>"; };
		BFB5E39629C1617A0041A65F /* GenderSignUpViewController.swift */ = {isa = PBXFileReference; lastKnownFileType = sourcecode.swift; path = GenderSignUpViewController.swift; sourceTree = "<group>"; };
		BFB5E39829C161E60041A65F /* GenderSignUpViewModel.swift */ = {isa = PBXFileReference; lastKnownFileType = sourcecode.swift; path = GenderSignUpViewModel.swift; sourceTree = "<group>"; };
		BFB5E39A29C1749A0041A65F /* PhNumSignUpViewController.swift */ = {isa = PBXFileReference; lastKnownFileType = sourcecode.swift; path = PhNumSignUpViewController.swift; sourceTree = "<group>"; };
		BFB5E39C29C178C20041A65F /* PhNumSignUpViewModel.swift */ = {isa = PBXFileReference; lastKnownFileType = sourcecode.swift; path = PhNumSignUpViewModel.swift; sourceTree = "<group>"; };
		BFB6F000296E8DDE00C4EDC3 /* SurfMate_iOS.entitlements */ = {isa = PBXFileReference; lastKnownFileType = text.plist.entitlements; path = SurfMate_iOS.entitlements; sourceTree = "<group>"; };
		BFD6638E299B7E6C00A7BC5D /* Pretendard-Regular.otf */ = {isa = PBXFileReference; lastKnownFileType = file; path = "Pretendard-Regular.otf"; sourceTree = "<group>"; };
		BFD6638F299B7E6C00A7BC5D /* Pretendard-Medium.otf */ = {isa = PBXFileReference; lastKnownFileType = file; path = "Pretendard-Medium.otf"; sourceTree = "<group>"; };
		BFD66390299B7E6C00A7BC5D /* Pretendard-Bold.otf */ = {isa = PBXFileReference; lastKnownFileType = file; path = "Pretendard-Bold.otf"; sourceTree = "<group>"; };
		BFD66391299B7E6C00A7BC5D /* Pretendard-SemiBold.otf */ = {isa = PBXFileReference; lastKnownFileType = file; path = "Pretendard-SemiBold.otf"; sourceTree = "<group>"; };
		BFD6639E299B7F0100A7BC5D /* UIKitExtension.swift */ = {isa = PBXFileReference; lastKnownFileType = sourcecode.swift; path = UIKitExtension.swift; sourceTree = "<group>"; };
		BFD663A2299B806500A7BC5D /* MainLoginViewController.swift */ = {isa = PBXFileReference; lastKnownFileType = sourcecode.swift; path = MainLoginViewController.swift; sourceTree = "<group>"; };
		BFDFDAD629778E1500D0D5C2 /* BaseRepository.swift */ = {isa = PBXFileReference; lastKnownFileType = sourcecode.swift; path = BaseRepository.swift; sourceTree = "<group>"; };
		BFE2A7E129750581006D8EC1 /* APIModel.swift */ = {isa = PBXFileReference; lastKnownFileType = sourcecode.swift; path = APIModel.swift; sourceTree = "<group>"; };
		BFE2A7E3297505CD006D8EC1 /* HealthRepository.swift */ = {isa = PBXFileReference; lastKnownFileType = sourcecode.swift; path = HealthRepository.swift; sourceTree = "<group>"; };
		BFE5ECDC298A1A2D007DF9CF /* MainLogInViewModel.swift */ = {isa = PBXFileReference; lastKnownFileType = sourcecode.swift; path = MainLogInViewModel.swift; sourceTree = "<group>"; };
		BFE5ECDF298A301A007DF9CF /* ModelEnum.swift */ = {isa = PBXFileReference; lastKnownFileType = sourcecode.swift; path = ModelEnum.swift; sourceTree = "<group>"; };
		BFE90CF829A457FB00960999 /* Custom.swift */ = {isa = PBXFileReference; lastKnownFileType = sourcecode.swift; path = Custom.swift; sourceTree = "<group>"; };
		BFEDD41829C0226100A87ED4 /* BirthSignUpViewController.swift */ = {isa = PBXFileReference; lastKnownFileType = sourcecode.swift; path = BirthSignUpViewController.swift; sourceTree = "<group>"; };
		BFEDD41A29C02C2900A87ED4 /* BirthSignUpViewModel.swift */ = {isa = PBXFileReference; lastKnownFileType = sourcecode.swift; path = BirthSignUpViewModel.swift; sourceTree = "<group>"; };
		C44FA7E5733A26BEFCF85E72 /* Pods-SurfMate_iOS.release.xcconfig */ = {isa = PBXFileReference; includeInIndex = 1; lastKnownFileType = text.xcconfig; name = "Pods-SurfMate_iOS.release.xcconfig"; path = "Target Support Files/Pods-SurfMate_iOS/Pods-SurfMate_iOS.release.xcconfig"; sourceTree = "<group>"; };
		DA8010D93A898C9183861474 /* Pods-SurfMate_iOSTests.release.xcconfig */ = {isa = PBXFileReference; includeInIndex = 1; lastKnownFileType = text.xcconfig; name = "Pods-SurfMate_iOSTests.release.xcconfig"; path = "Target Support Files/Pods-SurfMate_iOSTests/Pods-SurfMate_iOSTests.release.xcconfig"; sourceTree = "<group>"; };
		E9E0C16F896A8E8F031D2713 /* Pods_SurfMate_iOSTests.framework */ = {isa = PBXFileReference; explicitFileType = wrapper.framework; includeInIndex = 0; path = Pods_SurfMate_iOSTests.framework; sourceTree = BUILT_PRODUCTS_DIR; };
		FA2FEF0C8177E2EF4B0894E0 /* Pods-SurfMate_iOS.debug.xcconfig */ = {isa = PBXFileReference; includeInIndex = 1; lastKnownFileType = text.xcconfig; name = "Pods-SurfMate_iOS.debug.xcconfig"; path = "Target Support Files/Pods-SurfMate_iOS/Pods-SurfMate_iOS.debug.xcconfig"; sourceTree = "<group>"; };
		FEA83BC9F2FDB5B5BA821685 /* Pods_SurfMate_iOS_SurfMate_iOSUITests.framework */ = {isa = PBXFileReference; explicitFileType = wrapper.framework; includeInIndex = 0; path = Pods_SurfMate_iOS_SurfMate_iOSUITests.framework; sourceTree = BUILT_PRODUCTS_DIR; };
/* End PBXFileReference section */

/* Begin PBXFrameworksBuildPhase section */
		BF21077B29373F7A008E99D2 /* Frameworks */ = {
			isa = PBXFrameworksBuildPhase;
			buildActionMask = 2147483647;
			files = (
				844652E0A0CE2CAA9170DA0A /* Pods_SurfMate_iOS.framework in Frameworks */,
			);
			runOnlyForDeploymentPostprocessing = 0;
		};
		BF21079129373F7C008E99D2 /* Frameworks */ = {
			isa = PBXFrameworksBuildPhase;
			buildActionMask = 2147483647;
			files = (
				A9472530A82EE8B0A155F040 /* Pods_SurfMate_iOSTests.framework in Frameworks */,
			);
			runOnlyForDeploymentPostprocessing = 0;
		};
		BF21079B29373F7C008E99D2 /* Frameworks */ = {
			isa = PBXFrameworksBuildPhase;
			buildActionMask = 2147483647;
			files = (
				6007EA24FDEADCE2C4006BC7 /* Pods_SurfMate_iOS_SurfMate_iOSUITests.framework in Frameworks */,
			);
			runOnlyForDeploymentPostprocessing = 0;
		};
/* End PBXFrameworksBuildPhase section */

/* Begin PBXGroup section */
		1E7D910A9CC33A58D4B7CF20 /* Frameworks */ = {
			isa = PBXGroup;
			children = (
				87795A4B21B29CC69603F003 /* Pods_SurfMate_iOS.framework */,
				FEA83BC9F2FDB5B5BA821685 /* Pods_SurfMate_iOS_SurfMate_iOSUITests.framework */,
				E9E0C16F896A8E8F031D2713 /* Pods_SurfMate_iOSTests.framework */,
			);
			name = Frameworks;
			sourceTree = "<group>";
		};
		6685B1822DB61637D1493CF6 /* Pods */ = {
			isa = PBXGroup;
			children = (
				FA2FEF0C8177E2EF4B0894E0 /* Pods-SurfMate_iOS.debug.xcconfig */,
				C44FA7E5733A26BEFCF85E72 /* Pods-SurfMate_iOS.release.xcconfig */,
				1E3FB102429D4E6CF601A2D2 /* Pods-SurfMate_iOS-SurfMate_iOSUITests.debug.xcconfig */,
				3D10511C8705B414B2A99B98 /* Pods-SurfMate_iOS-SurfMate_iOSUITests.release.xcconfig */,
				39CB1F36850D49EA0905784B /* Pods-SurfMate_iOSTests.debug.xcconfig */,
				DA8010D93A898C9183861474 /* Pods-SurfMate_iOSTests.release.xcconfig */,
			);
			path = Pods;
			sourceTree = "<group>";
		};
		BF0E29EE2988D98800E95FC4 /* Extension */ = {
			isa = PBXGroup;
			children = (
				BF1C8B232978F292008E6FE5 /* FoundationExtension.swift */,
				BFD6639E299B7F0100A7BC5D /* UIKitExtension.swift */,
			);
			path = Extension;
			sourceTree = "<group>";
		};
		BF1C8B222978F27C008E6FE5 /* Util */ = {
			isa = PBXGroup;
			children = (
				BFE90CF729A4578E00960999 /* Component */,
				BFE5ECDE298A1F36007DF9CF /* Enum */,
				BF0E29EE2988D98800E95FC4 /* Extension */,
			);
			path = Util;
			sourceTree = "<group>";
		};
		BF21077529373F7A008E99D2 = {
			isa = PBXGroup;
			children = (
				BF21078029373F7B008E99D2 /* SurfMate_iOS */,
				BF21079729373F7C008E99D2 /* SurfMate_iOSTests */,
				BF2107A129373F7C008E99D2 /* SurfMate_iOSUITests */,
				BF21077F29373F7B008E99D2 /* Products */,
				6685B1822DB61637D1493CF6 /* Pods */,
				1E7D910A9CC33A58D4B7CF20 /* Frameworks */,
			);
			sourceTree = "<group>";
		};
		BF21077F29373F7B008E99D2 /* Products */ = {
			isa = PBXGroup;
			children = (
				BF21077E29373F7B008E99D2 /* SurfMate_iOS.app */,
				BF21079429373F7C008E99D2 /* SurfMate_iOSTests.xctest */,
				BF21079E29373F7C008E99D2 /* SurfMate_iOSUITests.xctest */,
			);
			name = Products;
			sourceTree = "<group>";
		};
		BF21078029373F7B008E99D2 /* SurfMate_iOS */ = {
			isa = PBXGroup;
			children = (
				BFD6638D299B7E5200A7BC5D /* Font */,
				BFE5ECDA298A19D1007DF9CF /* ViewModel */,
				BFE5ECD9298A19C4007DF9CF /* View */,
				BF1C8B222978F27C008E6FE5 /* Util */,
				BFDFDAD5297788E900D0D5C2 /* Model */,
				BFDFDAD42977888F00D0D5C2 /* API */,
				BFB6F000296E8DDE00C4EDC3 /* SurfMate_iOS.entitlements */,
				BF21078129373F7B008E99D2 /* AppDelegate.swift */,
				BF21078329373F7B008E99D2 /* SceneDelegate.swift */,
				BF21078A29373F7C008E99D2 /* Assets.xcassets */,
				BF5B39A9296E4FEC009ED5DD /* GoogleService-Info.plist */,
				BF21078F29373F7C008E99D2 /* Info.plist */,
				BF87264929B1BE2600CAED4D /* LaunchScreen.storyboard */,
			);
			path = SurfMate_iOS;
			sourceTree = "<group>";
		};
		BF21079729373F7C008E99D2 /* SurfMate_iOSTests */ = {
			isa = PBXGroup;
			children = (
				BF21079829373F7C008E99D2 /* SignUpAPITest.swift */,
			);
			path = SurfMate_iOSTests;
			sourceTree = "<group>";
		};
		BF2107A129373F7C008E99D2 /* SurfMate_iOSUITests */ = {
			isa = PBXGroup;
			children = (
				BF2107A229373F7C008E99D2 /* SurfMate_iOSUITests.swift */,
				BF2107A429373F7C008E99D2 /* SurfMate_iOSUITestsLaunchTests.swift */,
			);
			path = SurfMate_iOSUITests;
			sourceTree = "<group>";
		};
		BF42D9E429B87300000491DE /* SignUp */ = {
			isa = PBXGroup;
			children = (
				BF42D9E529B87316000491DE /* AgreeNTermViewModel.swift */,
				BF28F8C729B9A4590044986F /* NameSignUpViewModel.swift */,
				BFEDD41A29C02C2900A87ED4 /* BirthSignUpViewModel.swift */,
				BFB5E39829C161E60041A65F /* GenderSignUpViewModel.swift */,
				BFB5E39C29C178C20041A65F /* PhNumSignUpViewModel.swift */,
				BF2895F429C2EB1100177B2A /* CertifyNumViewModel.swift */,
				BF8230EF29C42899003F2F0C /* PasswordSignUpViewModel.swift */,
				BF36C90829CBEE29003D4811 /* NicknameSignUpViewModel.swift */,
			);
			path = SignUp;
			sourceTree = "<group>";
		};
		BFD6638C299B783500A7BC5D /* Launch */ = {
			isa = PBXGroup;
			children = (
				BF21078529373F7B008E99D2 /* LaunchViewController.swift */,
			);
			path = Launch;
			sourceTree = "<group>";
		};
		BFD6638D299B7E5200A7BC5D /* Font */ = {
			isa = PBXGroup;
			children = (
				BFD66390299B7E6C00A7BC5D /* Pretendard-Bold.otf */,
				BFD6638F299B7E6C00A7BC5D /* Pretendard-Medium.otf */,
				BFD6638E299B7E6C00A7BC5D /* Pretendard-Regular.otf */,
				BFD66391299B7E6C00A7BC5D /* Pretendard-SemiBold.otf */,
			);
			path = Font;
			sourceTree = "<group>";
		};
		BFDFDAD42977888F00D0D5C2 /* API */ = {
			isa = PBXGroup;
			children = (
				BFE2A7E3297505CD006D8EC1 /* HealthRepository.swift */,
				BFDFDAD629778E1500D0D5C2 /* BaseRepository.swift */,
				BF0E29F12988DBF700E95FC4 /* SignUpRepository.swift */,
				BF4F31022999CD5B00D9B0F3 /* SignInRepository.swift */,
			);
			path = API;
			sourceTree = "<group>";
		};
		BFDFDAD5297788E900D0D5C2 /* Model */ = {
			isa = PBXGroup;
			children = (
				BFE2A7E129750581006D8EC1 /* APIModel.swift */,
				BF0E29EF2988DBB500E95FC4 /* User.swift */,
			);
			path = Model;
			sourceTree = "<group>";
		};
		BFE5ECD7298A15A5007DF9CF /* SignUp */ = {
			isa = PBXGroup;
			children = (
				BF42D9E229B8654C000491DE /* AgreeNTermViewController.swift */,
				BF28F8C529B96D290044986F /* NameSignUpViewController.swift */,
				BFEDD41829C0226100A87ED4 /* BirthSignUpViewController.swift */,
				BFB5E39629C1617A0041A65F /* GenderSignUpViewController.swift */,
				BFB5E39A29C1749A0041A65F /* PhNumSignUpViewController.swift */,
				BF2895F229C2EA8F00177B2A /* CertifyNumViewController.swift */,
				BF8230ED29C4287A003F2F0C /* PasswordSignUpViewController.swift */,
				BF36C90629CBEDD0003D4811 /* NicknameSignUpViewController.swift */,
			);
			path = SignUp;
			sourceTree = "<group>";
		};
		BFE5ECD8298A15BE007DF9CF /* SignIn */ = {
			isa = PBXGroup;
			children = (
				BFD663A2299B806500A7BC5D /* MainLoginViewController.swift */,
				BF23BD4429A741F00062391B /* DefaultLoginViewController.swift */,
			);
			path = SignIn;
			sourceTree = "<group>";
		};
		BFE5ECD9298A19C4007DF9CF /* View */ = {
			isa = PBXGroup;
			children = (
				BFD6638C299B783500A7BC5D /* Launch */,
				BFE5ECD7298A15A5007DF9CF /* SignUp */,
				BFE5ECD8298A15BE007DF9CF /* SignIn */,
			);
			path = View;
			sourceTree = "<group>";
		};
		BFE5ECDA298A19D1007DF9CF /* ViewModel */ = {
			isa = PBXGroup;
			children = (
				BF42D9E429B87300000491DE /* SignUp */,
				BFE5ECDB298A1A15007DF9CF /* SignIn */,
			);
			path = ViewModel;
			sourceTree = "<group>";
		};
		BFE5ECDB298A1A15007DF9CF /* SignIn */ = {
			isa = PBXGroup;
			children = (
				BFE5ECDC298A1A2D007DF9CF /* MainLogInViewModel.swift */,
			);
			path = SignIn;
			sourceTree = "<group>";
		};
		BFE5ECDE298A1F36007DF9CF /* Enum */ = {
			isa = PBXGroup;
			children = (
				BFE5ECDF298A301A007DF9CF /* ModelEnum.swift */,
			);
			path = Enum;
			sourceTree = "<group>";
		};
		BFE90CF729A4578E00960999 /* Component */ = {
			isa = PBXGroup;
			children = (
				BFE90CF829A457FB00960999 /* Custom.swift */,
				BF2895F029C2CF4600177B2A /* AlertSheet.swift */,
			);
			path = Component;
			sourceTree = "<group>";
		};
/* End PBXGroup section */

/* Begin PBXNativeTarget section */
		BF21077D29373F7A008E99D2 /* SurfMate_iOS */ = {
			isa = PBXNativeTarget;
			buildConfigurationList = BF2107A829373F7C008E99D2 /* Build configuration list for PBXNativeTarget "SurfMate_iOS" */;
			buildPhases = (
				B05CD4074414ADF9ABC4C3BF /* [CP] Check Pods Manifest.lock */,
				BF21077A29373F7A008E99D2 /* Sources */,
				BF21077B29373F7A008E99D2 /* Frameworks */,
				BF21077C29373F7A008E99D2 /* Resources */,
				C783A961CEAE150F886C7687 /* [CP] Embed Pods Frameworks */,
			);
			buildRules = (
			);
			dependencies = (
			);
			name = SurfMate_iOS;
			productName = SurfMate_iOS;
			productReference = BF21077E29373F7B008E99D2 /* SurfMate_iOS.app */;
			productType = "com.apple.product-type.application";
		};
		BF21079329373F7C008E99D2 /* SurfMate_iOSTests */ = {
			isa = PBXNativeTarget;
			buildConfigurationList = BF2107AB29373F7C008E99D2 /* Build configuration list for PBXNativeTarget "SurfMate_iOSTests" */;
			buildPhases = (
				C1911CC0308CB1ED94680670 /* [CP] Check Pods Manifest.lock */,
				BF21079029373F7C008E99D2 /* Sources */,
				BF21079129373F7C008E99D2 /* Frameworks */,
				BF21079229373F7C008E99D2 /* Resources */,
			);
			buildRules = (
			);
			dependencies = (
				BF21079629373F7C008E99D2 /* PBXTargetDependency */,
			);
			name = SurfMate_iOSTests;
			productName = SurfMate_iOSTests;
			productReference = BF21079429373F7C008E99D2 /* SurfMate_iOSTests.xctest */;
			productType = "com.apple.product-type.bundle.unit-test";
		};
		BF21079D29373F7C008E99D2 /* SurfMate_iOSUITests */ = {
			isa = PBXNativeTarget;
			buildConfigurationList = BF2107AE29373F7C008E99D2 /* Build configuration list for PBXNativeTarget "SurfMate_iOSUITests" */;
			buildPhases = (
				148282012961A37F73F364F1 /* [CP] Check Pods Manifest.lock */,
				BF21079A29373F7C008E99D2 /* Sources */,
				BF21079B29373F7C008E99D2 /* Frameworks */,
				BF21079C29373F7C008E99D2 /* Resources */,
				A83ED9F4C2D26748E0501F21 /* [CP] Embed Pods Frameworks */,
			);
			buildRules = (
			);
			dependencies = (
				BF2107A029373F7C008E99D2 /* PBXTargetDependency */,
			);
			name = SurfMate_iOSUITests;
			productName = SurfMate_iOSUITests;
			productReference = BF21079E29373F7C008E99D2 /* SurfMate_iOSUITests.xctest */;
			productType = "com.apple.product-type.bundle.ui-testing";
		};
/* End PBXNativeTarget section */

/* Begin PBXProject section */
		BF21077629373F7A008E99D2 /* Project object */ = {
			isa = PBXProject;
			attributes = {
				BuildIndependentTargetsInParallel = 1;
				LastSwiftUpdateCheck = 1400;
				LastUpgradeCheck = 1400;
				TargetAttributes = {
					BF21077D29373F7A008E99D2 = {
						CreatedOnToolsVersion = 14.0.1;
					};
					BF21079329373F7C008E99D2 = {
						CreatedOnToolsVersion = 14.0.1;
						TestTargetID = BF21077D29373F7A008E99D2;
					};
					BF21079D29373F7C008E99D2 = {
						CreatedOnToolsVersion = 14.0.1;
						TestTargetID = BF21077D29373F7A008E99D2;
					};
				};
			};
			buildConfigurationList = BF21077929373F7A008E99D2 /* Build configuration list for PBXProject "SurfMate_iOS" */;
			compatibilityVersion = "Xcode 13.0";
			developmentRegion = en;
			hasScannedForEncodings = 0;
			knownRegions = (
				en,
				Base,
			);
			mainGroup = BF21077529373F7A008E99D2;
			productRefGroup = BF21077F29373F7B008E99D2 /* Products */;
			projectDirPath = "";
			projectRoot = "";
			targets = (
				BF21077D29373F7A008E99D2 /* SurfMate_iOS */,
				BF21079329373F7C008E99D2 /* SurfMate_iOSTests */,
				BF21079D29373F7C008E99D2 /* SurfMate_iOSUITests */,
			);
		};
/* End PBXProject section */

/* Begin PBXResourcesBuildPhase section */
		BF21077C29373F7A008E99D2 /* Resources */ = {
			isa = PBXResourcesBuildPhase;
			buildActionMask = 2147483647;
			files = (
				BF5B39AA296E4FEC009ED5DD /* GoogleService-Info.plist in Resources */,
				BFD66398299B7E6D00A7BC5D /* Pretendard-Bold.otf in Resources */,
				BFD66392299B7E6D00A7BC5D /* Pretendard-Regular.otf in Resources */,
				BFD6639B299B7E6D00A7BC5D /* Pretendard-SemiBold.otf in Resources */,
				BF87264A29B1BE2600CAED4D /* LaunchScreen.storyboard in Resources */,
				BF21078B29373F7C008E99D2 /* Assets.xcassets in Resources */,
				BFD66395299B7E6D00A7BC5D /* Pretendard-Medium.otf in Resources */,
			);
			runOnlyForDeploymentPostprocessing = 0;
		};
		BF21079229373F7C008E99D2 /* Resources */ = {
			isa = PBXResourcesBuildPhase;
			buildActionMask = 2147483647;
			files = (
				BFD66393299B7E6D00A7BC5D /* Pretendard-Regular.otf in Resources */,
				BFD66399299B7E6D00A7BC5D /* Pretendard-Bold.otf in Resources */,
				BFD66396299B7E6D00A7BC5D /* Pretendard-Medium.otf in Resources */,
				BFD6639C299B7E6D00A7BC5D /* Pretendard-SemiBold.otf in Resources */,
			);
			runOnlyForDeploymentPostprocessing = 0;
		};
		BF21079C29373F7C008E99D2 /* Resources */ = {
			isa = PBXResourcesBuildPhase;
			buildActionMask = 2147483647;
			files = (
				BFD66394299B7E6D00A7BC5D /* Pretendard-Regular.otf in Resources */,
				BFD6639A299B7E6D00A7BC5D /* Pretendard-Bold.otf in Resources */,
				BFD66397299B7E6D00A7BC5D /* Pretendard-Medium.otf in Resources */,
				BFD6639D299B7E6D00A7BC5D /* Pretendard-SemiBold.otf in Resources */,
			);
			runOnlyForDeploymentPostprocessing = 0;
		};
/* End PBXResourcesBuildPhase section */

/* Begin PBXShellScriptBuildPhase section */
		148282012961A37F73F364F1 /* [CP] Check Pods Manifest.lock */ = {
			isa = PBXShellScriptBuildPhase;
			buildActionMask = 2147483647;
			files = (
			);
			inputFileListPaths = (
			);
			inputPaths = (
				"${PODS_PODFILE_DIR_PATH}/Podfile.lock",
				"${PODS_ROOT}/Manifest.lock",
			);
			name = "[CP] Check Pods Manifest.lock";
			outputFileListPaths = (
			);
			outputPaths = (
				"$(DERIVED_FILE_DIR)/Pods-SurfMate_iOS-SurfMate_iOSUITests-checkManifestLockResult.txt",
			);
			runOnlyForDeploymentPostprocessing = 0;
			shellPath = /bin/sh;
			shellScript = "diff \"${PODS_PODFILE_DIR_PATH}/Podfile.lock\" \"${PODS_ROOT}/Manifest.lock\" > /dev/null\nif [ $? != 0 ] ; then\n    # print error to STDERR\n    echo \"error: The sandbox is not in sync with the Podfile.lock. Run 'pod install' or update your CocoaPods installation.\" >&2\n    exit 1\nfi\n# This output is used by Xcode 'outputs' to avoid re-running this script phase.\necho \"SUCCESS\" > \"${SCRIPT_OUTPUT_FILE_0}\"\n";
			showEnvVarsInLog = 0;
		};
		A83ED9F4C2D26748E0501F21 /* [CP] Embed Pods Frameworks */ = {
			isa = PBXShellScriptBuildPhase;
			buildActionMask = 2147483647;
			files = (
			);
			inputFileListPaths = (
				"${PODS_ROOT}/Target Support Files/Pods-SurfMate_iOS-SurfMate_iOSUITests/Pods-SurfMate_iOS-SurfMate_iOSUITests-frameworks-${CONFIGURATION}-input-files.xcfilelist",
			);
			name = "[CP] Embed Pods Frameworks";
			outputFileListPaths = (
				"${PODS_ROOT}/Target Support Files/Pods-SurfMate_iOS-SurfMate_iOSUITests/Pods-SurfMate_iOS-SurfMate_iOSUITests-frameworks-${CONFIGURATION}-output-files.xcfilelist",
			);
			runOnlyForDeploymentPostprocessing = 0;
			shellPath = /bin/sh;
			shellScript = "\"${PODS_ROOT}/Target Support Files/Pods-SurfMate_iOS-SurfMate_iOSUITests/Pods-SurfMate_iOS-SurfMate_iOSUITests-frameworks.sh\"\n";
			showEnvVarsInLog = 0;
		};
		B05CD4074414ADF9ABC4C3BF /* [CP] Check Pods Manifest.lock */ = {
			isa = PBXShellScriptBuildPhase;
			buildActionMask = 2147483647;
			files = (
			);
			inputFileListPaths = (
			);
			inputPaths = (
				"${PODS_PODFILE_DIR_PATH}/Podfile.lock",
				"${PODS_ROOT}/Manifest.lock",
			);
			name = "[CP] Check Pods Manifest.lock";
			outputFileListPaths = (
			);
			outputPaths = (
				"$(DERIVED_FILE_DIR)/Pods-SurfMate_iOS-checkManifestLockResult.txt",
			);
			runOnlyForDeploymentPostprocessing = 0;
			shellPath = /bin/sh;
			shellScript = "diff \"${PODS_PODFILE_DIR_PATH}/Podfile.lock\" \"${PODS_ROOT}/Manifest.lock\" > /dev/null\nif [ $? != 0 ] ; then\n    # print error to STDERR\n    echo \"error: The sandbox is not in sync with the Podfile.lock. Run 'pod install' or update your CocoaPods installation.\" >&2\n    exit 1\nfi\n# This output is used by Xcode 'outputs' to avoid re-running this script phase.\necho \"SUCCESS\" > \"${SCRIPT_OUTPUT_FILE_0}\"\n";
			showEnvVarsInLog = 0;
		};
		C1911CC0308CB1ED94680670 /* [CP] Check Pods Manifest.lock */ = {
			isa = PBXShellScriptBuildPhase;
			buildActionMask = 2147483647;
			files = (
			);
			inputFileListPaths = (
			);
			inputPaths = (
				"${PODS_PODFILE_DIR_PATH}/Podfile.lock",
				"${PODS_ROOT}/Manifest.lock",
			);
			name = "[CP] Check Pods Manifest.lock";
			outputFileListPaths = (
			);
			outputPaths = (
				"$(DERIVED_FILE_DIR)/Pods-SurfMate_iOSTests-checkManifestLockResult.txt",
			);
			runOnlyForDeploymentPostprocessing = 0;
			shellPath = /bin/sh;
			shellScript = "diff \"${PODS_PODFILE_DIR_PATH}/Podfile.lock\" \"${PODS_ROOT}/Manifest.lock\" > /dev/null\nif [ $? != 0 ] ; then\n    # print error to STDERR\n    echo \"error: The sandbox is not in sync with the Podfile.lock. Run 'pod install' or update your CocoaPods installation.\" >&2\n    exit 1\nfi\n# This output is used by Xcode 'outputs' to avoid re-running this script phase.\necho \"SUCCESS\" > \"${SCRIPT_OUTPUT_FILE_0}\"\n";
			showEnvVarsInLog = 0;
		};
		C783A961CEAE150F886C7687 /* [CP] Embed Pods Frameworks */ = {
			isa = PBXShellScriptBuildPhase;
			buildActionMask = 2147483647;
			files = (
			);
			inputFileListPaths = (
				"${PODS_ROOT}/Target Support Files/Pods-SurfMate_iOS/Pods-SurfMate_iOS-frameworks-${CONFIGURATION}-input-files.xcfilelist",
			);
			name = "[CP] Embed Pods Frameworks";
			outputFileListPaths = (
				"${PODS_ROOT}/Target Support Files/Pods-SurfMate_iOS/Pods-SurfMate_iOS-frameworks-${CONFIGURATION}-output-files.xcfilelist",
			);
			runOnlyForDeploymentPostprocessing = 0;
			shellPath = /bin/sh;
			shellScript = "\"${PODS_ROOT}/Target Support Files/Pods-SurfMate_iOS/Pods-SurfMate_iOS-frameworks.sh\"\n";
			showEnvVarsInLog = 0;
		};
/* End PBXShellScriptBuildPhase section */

/* Begin PBXSourcesBuildPhase section */
		BF21077A29373F7A008E99D2 /* Sources */ = {
			isa = PBXSourcesBuildPhase;
			buildActionMask = 2147483647;
			files = (
				BF23BD4529A741F00062391B /* DefaultLoginViewController.swift in Sources */,
				BFE2A7E4297505CD006D8EC1 /* HealthRepository.swift in Sources */,
				BFEDD41B29C02C2900A87ED4 /* BirthSignUpViewModel.swift in Sources */,
				BF0E29F22988DBF700E95FC4 /* SignUpRepository.swift in Sources */,
				BF2895F129C2CF4600177B2A /* AlertSheet.swift in Sources */,
				BF21078629373F7B008E99D2 /* LaunchViewController.swift in Sources */,
				BFD6639F299B7F0100A7BC5D /* UIKitExtension.swift in Sources */,
				BFEDD41929C0226100A87ED4 /* BirthSignUpViewController.swift in Sources */,
				BF8230F029C42899003F2F0C /* PasswordSignUpViewModel.swift in Sources */,
				BF28F8C629B96D290044986F /* NameSignUpViewController.swift in Sources */,
				BF21078229373F7B008E99D2 /* AppDelegate.swift in Sources */,
				BF2895F529C2EB1100177B2A /* CertifyNumViewModel.swift in Sources */,
				BFDFDAD729778E1500D0D5C2 /* BaseRepository.swift in Sources */,
				BF36C90929CBEE29003D4811 /* NicknameSignUpViewModel.swift in Sources */,
				BFB5E39B29C1749A0041A65F /* PhNumSignUpViewController.swift in Sources */,
				BF4F31032999CD5B00D9B0F3 /* SignInRepository.swift in Sources */,
				BF42D9E629B87316000491DE /* AgreeNTermViewModel.swift in Sources */,
				BFB5E39729C1617A0041A65F /* GenderSignUpViewController.swift in Sources */,
				BFB5E39929C161E60041A65F /* GenderSignUpViewModel.swift in Sources */,
				BF8230EE29C4287A003F2F0C /* PasswordSignUpViewController.swift in Sources */,
				BF0E29F02988DBB500E95FC4 /* User.swift in Sources */,
				BFE2A7E229750582006D8EC1 /* APIModel.swift in Sources */,
				BFE5ECDD298A1A2D007DF9CF /* MainLogInViewModel.swift in Sources */,
				BF42D9E329B8654C000491DE /* AgreeNTermViewController.swift in Sources */,
				BFB5E39D29C178C20041A65F /* PhNumSignUpViewModel.swift in Sources */,
				BF36C90729CBEDD0003D4811 /* NicknameSignUpViewController.swift in Sources */,
				BF21078429373F7B008E99D2 /* SceneDelegate.swift in Sources */,
				BF28F8C829B9A4590044986F /* NameSignUpViewModel.swift in Sources */,
				BFD663A3299B806500A7BC5D /* MainLoginViewController.swift in Sources */,
				BF1C8B242978F292008E6FE5 /* FoundationExtension.swift in Sources */,
				BFE5ECE0298A301A007DF9CF /* ModelEnum.swift in Sources */,
				BF2895F329C2EA8F00177B2A /* CertifyNumViewController.swift in Sources */,
				BFE90CF929A457FB00960999 /* Custom.swift in Sources */,
			);
			runOnlyForDeploymentPostprocessing = 0;
		};
		BF21079029373F7C008E99D2 /* Sources */ = {
			isa = PBXSourcesBuildPhase;
			buildActionMask = 2147483647;
			files = (
				BFD663A0299B7F0100A7BC5D /* UIKitExtension.swift in Sources */,
				BFD663A4299B806500A7BC5D /* MainLoginViewController.swift in Sources */,
				BF21079929373F7C008E99D2 /* SignUpAPITest.swift in Sources */,
			);
			runOnlyForDeploymentPostprocessing = 0;
		};
		BF21079A29373F7C008E99D2 /* Sources */ = {
			isa = PBXSourcesBuildPhase;
			buildActionMask = 2147483647;
			files = (
				BFD663A1299B7F0100A7BC5D /* UIKitExtension.swift in Sources */,
				BFD663A5299B806500A7BC5D /* MainLoginViewController.swift in Sources */,
				BF2107A329373F7C008E99D2 /* SurfMate_iOSUITests.swift in Sources */,
				BF2107A529373F7C008E99D2 /* SurfMate_iOSUITestsLaunchTests.swift in Sources */,
			);
			runOnlyForDeploymentPostprocessing = 0;
		};
/* End PBXSourcesBuildPhase section */

/* Begin PBXTargetDependency section */
		BF21079629373F7C008E99D2 /* PBXTargetDependency */ = {
			isa = PBXTargetDependency;
			target = BF21077D29373F7A008E99D2 /* SurfMate_iOS */;
			targetProxy = BF21079529373F7C008E99D2 /* PBXContainerItemProxy */;
		};
		BF2107A029373F7C008E99D2 /* PBXTargetDependency */ = {
			isa = PBXTargetDependency;
			target = BF21077D29373F7A008E99D2 /* SurfMate_iOS */;
			targetProxy = BF21079F29373F7C008E99D2 /* PBXContainerItemProxy */;
		};
/* End PBXTargetDependency section */

/* Begin XCBuildConfiguration section */
		BF2107A629373F7C008E99D2 /* Debug */ = {
			isa = XCBuildConfiguration;
			buildSettings = {
				ALWAYS_SEARCH_USER_PATHS = NO;
				CLANG_ANALYZER_NONNULL = YES;
				CLANG_ANALYZER_NUMBER_OBJECT_CONVERSION = YES_AGGRESSIVE;
				CLANG_CXX_LANGUAGE_STANDARD = "gnu++20";
				CLANG_ENABLE_MODULES = YES;
				CLANG_ENABLE_OBJC_ARC = YES;
				CLANG_ENABLE_OBJC_WEAK = YES;
				CLANG_WARN_BLOCK_CAPTURE_AUTORELEASING = YES;
				CLANG_WARN_BOOL_CONVERSION = YES;
				CLANG_WARN_COMMA = YES;
				CLANG_WARN_CONSTANT_CONVERSION = YES;
				CLANG_WARN_DEPRECATED_OBJC_IMPLEMENTATIONS = YES;
				CLANG_WARN_DIRECT_OBJC_ISA_USAGE = YES_ERROR;
				CLANG_WARN_DOCUMENTATION_COMMENTS = YES;
				CLANG_WARN_EMPTY_BODY = YES;
				CLANG_WARN_ENUM_CONVERSION = YES;
				CLANG_WARN_INFINITE_RECURSION = YES;
				CLANG_WARN_INT_CONVERSION = YES;
				CLANG_WARN_NON_LITERAL_NULL_CONVERSION = YES;
				CLANG_WARN_OBJC_IMPLICIT_RETAIN_SELF = YES;
				CLANG_WARN_OBJC_LITERAL_CONVERSION = YES;
				CLANG_WARN_OBJC_ROOT_CLASS = YES_ERROR;
				CLANG_WARN_QUOTED_INCLUDE_IN_FRAMEWORK_HEADER = YES;
				CLANG_WARN_RANGE_LOOP_ANALYSIS = YES;
				CLANG_WARN_STRICT_PROTOTYPES = YES;
				CLANG_WARN_SUSPICIOUS_MOVE = YES;
				CLANG_WARN_UNGUARDED_AVAILABILITY = YES_AGGRESSIVE;
				CLANG_WARN_UNREACHABLE_CODE = YES;
				CLANG_WARN__DUPLICATE_METHOD_MATCH = YES;
				COPY_PHASE_STRIP = NO;
				DEBUG_INFORMATION_FORMAT = dwarf;
				ENABLE_STRICT_OBJC_MSGSEND = YES;
				ENABLE_TESTABILITY = YES;
				GCC_C_LANGUAGE_STANDARD = gnu11;
				GCC_DYNAMIC_NO_PIC = NO;
				GCC_NO_COMMON_BLOCKS = YES;
				GCC_OPTIMIZATION_LEVEL = 0;
				GCC_PREPROCESSOR_DEFINITIONS = (
					"DEBUG=1",
					"$(inherited)",
				);
				GCC_WARN_64_TO_32_BIT_CONVERSION = YES;
				GCC_WARN_ABOUT_RETURN_TYPE = YES_ERROR;
				GCC_WARN_UNDECLARED_SELECTOR = YES;
				GCC_WARN_UNINITIALIZED_AUTOS = YES_AGGRESSIVE;
				GCC_WARN_UNUSED_FUNCTION = YES;
				GCC_WARN_UNUSED_VARIABLE = YES;
				IPHONEOS_DEPLOYMENT_TARGET = 16.0;
				MTL_ENABLE_DEBUG_INFO = INCLUDE_SOURCE;
				MTL_FAST_MATH = YES;
				ONLY_ACTIVE_ARCH = YES;
				SDKROOT = iphoneos;
				SWIFT_ACTIVE_COMPILATION_CONDITIONS = DEBUG;
				SWIFT_OPTIMIZATION_LEVEL = "-Onone";
			};
			name = Debug;
		};
		BF2107A729373F7C008E99D2 /* Release */ = {
			isa = XCBuildConfiguration;
			buildSettings = {
				ALWAYS_SEARCH_USER_PATHS = NO;
				CLANG_ANALYZER_NONNULL = YES;
				CLANG_ANALYZER_NUMBER_OBJECT_CONVERSION = YES_AGGRESSIVE;
				CLANG_CXX_LANGUAGE_STANDARD = "gnu++20";
				CLANG_ENABLE_MODULES = YES;
				CLANG_ENABLE_OBJC_ARC = YES;
				CLANG_ENABLE_OBJC_WEAK = YES;
				CLANG_WARN_BLOCK_CAPTURE_AUTORELEASING = YES;
				CLANG_WARN_BOOL_CONVERSION = YES;
				CLANG_WARN_COMMA = YES;
				CLANG_WARN_CONSTANT_CONVERSION = YES;
				CLANG_WARN_DEPRECATED_OBJC_IMPLEMENTATIONS = YES;
				CLANG_WARN_DIRECT_OBJC_ISA_USAGE = YES_ERROR;
				CLANG_WARN_DOCUMENTATION_COMMENTS = YES;
				CLANG_WARN_EMPTY_BODY = YES;
				CLANG_WARN_ENUM_CONVERSION = YES;
				CLANG_WARN_INFINITE_RECURSION = YES;
				CLANG_WARN_INT_CONVERSION = YES;
				CLANG_WARN_NON_LITERAL_NULL_CONVERSION = YES;
				CLANG_WARN_OBJC_IMPLICIT_RETAIN_SELF = YES;
				CLANG_WARN_OBJC_LITERAL_CONVERSION = YES;
				CLANG_WARN_OBJC_ROOT_CLASS = YES_ERROR;
				CLANG_WARN_QUOTED_INCLUDE_IN_FRAMEWORK_HEADER = YES;
				CLANG_WARN_RANGE_LOOP_ANALYSIS = YES;
				CLANG_WARN_STRICT_PROTOTYPES = YES;
				CLANG_WARN_SUSPICIOUS_MOVE = YES;
				CLANG_WARN_UNGUARDED_AVAILABILITY = YES_AGGRESSIVE;
				CLANG_WARN_UNREACHABLE_CODE = YES;
				CLANG_WARN__DUPLICATE_METHOD_MATCH = YES;
				COPY_PHASE_STRIP = NO;
				DEBUG_INFORMATION_FORMAT = "dwarf-with-dsym";
				ENABLE_NS_ASSERTIONS = NO;
				ENABLE_STRICT_OBJC_MSGSEND = YES;
				GCC_C_LANGUAGE_STANDARD = gnu11;
				GCC_NO_COMMON_BLOCKS = YES;
				GCC_WARN_64_TO_32_BIT_CONVERSION = YES;
				GCC_WARN_ABOUT_RETURN_TYPE = YES_ERROR;
				GCC_WARN_UNDECLARED_SELECTOR = YES;
				GCC_WARN_UNINITIALIZED_AUTOS = YES_AGGRESSIVE;
				GCC_WARN_UNUSED_FUNCTION = YES;
				GCC_WARN_UNUSED_VARIABLE = YES;
				IPHONEOS_DEPLOYMENT_TARGET = 16.0;
				MTL_ENABLE_DEBUG_INFO = NO;
				MTL_FAST_MATH = YES;
				SDKROOT = iphoneos;
				SWIFT_COMPILATION_MODE = wholemodule;
				SWIFT_OPTIMIZATION_LEVEL = "-O";
				VALIDATE_PRODUCT = YES;
			};
			name = Release;
		};
		BF2107A929373F7C008E99D2 /* Debug */ = {
			isa = XCBuildConfiguration;
			baseConfigurationReference = FA2FEF0C8177E2EF4B0894E0 /* Pods-SurfMate_iOS.debug.xcconfig */;
			buildSettings = {
				ASSETCATALOG_COMPILER_APPICON_NAME = AppIcon;
				ASSETCATALOG_COMPILER_GLOBAL_ACCENT_COLOR_NAME = AccentColor;
				CODE_SIGN_ENTITLEMENTS = SurfMate_iOS/SurfMate_iOS.entitlements;
				CODE_SIGN_STYLE = Automatic;
				CURRENT_PROJECT_VERSION = 1;
				DEVELOPMENT_TEAM = GX47BK9CV6;
				GENERATE_INFOPLIST_FILE = YES;
				INFOPLIST_FILE = SurfMate_iOS/Info.plist;
				INFOPLIST_KEY_LSApplicationCategoryType = "public.app-category.social-networking";
				INFOPLIST_KEY_UIApplicationSupportsIndirectInputEvents = YES;
				INFOPLIST_KEY_UILaunchStoryboardName = LaunchScreen;
				INFOPLIST_KEY_UIStatusBarStyle = UIStatusBarStyleLightContent;
				INFOPLIST_KEY_UISupportedInterfaceOrientations = UIInterfaceOrientationPortrait;
				INFOPLIST_KEY_UISupportedInterfaceOrientations_iPad = "UIInterfaceOrientationLandscapeLeft UIInterfaceOrientationLandscapeRight UIInterfaceOrientationPortrait UIInterfaceOrientationPortraitUpsideDown";
				IPHONEOS_DEPLOYMENT_TARGET = 16.0;
				LD_RUNPATH_SEARCH_PATHS = (
					"$(inherited)",
					"@executable_path/Frameworks",
				);
				MARKETING_VERSION = 1.0;
				PRODUCT_BUNDLE_IDENTIFIER = "com.anotherCMC.SurfMate-iOS";
				PRODUCT_NAME = "$(TARGET_NAME)";
				SUPPORTED_PLATFORMS = "iphoneos iphonesimulator";
				SUPPORTS_MACCATALYST = NO;
				SUPPORTS_MAC_DESIGNED_FOR_IPHONE_IPAD = NO;
				SWIFT_EMIT_LOC_STRINGS = YES;
				SWIFT_VERSION = 5.0;
				TARGETED_DEVICE_FAMILY = 1;
			};
			name = Debug;
		};
		BF2107AA29373F7C008E99D2 /* Release */ = {
			isa = XCBuildConfiguration;
			baseConfigurationReference = C44FA7E5733A26BEFCF85E72 /* Pods-SurfMate_iOS.release.xcconfig */;
			buildSettings = {
				ASSETCATALOG_COMPILER_APPICON_NAME = AppIcon;
				ASSETCATALOG_COMPILER_GLOBAL_ACCENT_COLOR_NAME = AccentColor;
				CODE_SIGN_ENTITLEMENTS = SurfMate_iOS/SurfMate_iOS.entitlements;
				CODE_SIGN_STYLE = Automatic;
				CURRENT_PROJECT_VERSION = 1;
				DEVELOPMENT_TEAM = GX47BK9CV6;
				GENERATE_INFOPLIST_FILE = YES;
				INFOPLIST_FILE = SurfMate_iOS/Info.plist;
				INFOPLIST_KEY_LSApplicationCategoryType = "public.app-category.social-networking";
				INFOPLIST_KEY_UIApplicationSupportsIndirectInputEvents = YES;
				INFOPLIST_KEY_UILaunchStoryboardName = LaunchScreen;
				INFOPLIST_KEY_UIStatusBarStyle = UIStatusBarStyleLightContent;
				INFOPLIST_KEY_UISupportedInterfaceOrientations = UIInterfaceOrientationPortrait;
				INFOPLIST_KEY_UISupportedInterfaceOrientations_iPad = "UIInterfaceOrientationLandscapeLeft UIInterfaceOrientationLandscapeRight UIInterfaceOrientationPortrait UIInterfaceOrientationPortraitUpsideDown";
				IPHONEOS_DEPLOYMENT_TARGET = 16.0;
				LD_RUNPATH_SEARCH_PATHS = (
					"$(inherited)",
					"@executable_path/Frameworks",
				);
				MARKETING_VERSION = 1.0;
				PRODUCT_BUNDLE_IDENTIFIER = "com.anotherCMC.SurfMate-iOS";
				PRODUCT_NAME = "$(TARGET_NAME)";
				SUPPORTED_PLATFORMS = "iphoneos iphonesimulator";
				SUPPORTS_MACCATALYST = NO;
				SUPPORTS_MAC_DESIGNED_FOR_IPHONE_IPAD = NO;
				SWIFT_EMIT_LOC_STRINGS = YES;
				SWIFT_VERSION = 5.0;
				TARGETED_DEVICE_FAMILY = 1;
			};
			name = Release;
		};
		BF2107AC29373F7C008E99D2 /* Debug */ = {
			isa = XCBuildConfiguration;
			baseConfigurationReference = 39CB1F36850D49EA0905784B /* Pods-SurfMate_iOSTests.debug.xcconfig */;
			buildSettings = {
				ALWAYS_EMBED_SWIFT_STANDARD_LIBRARIES = YES;
				BUNDLE_LOADER = "$(TEST_HOST)";
				CODE_SIGN_STYLE = Automatic;
				CURRENT_PROJECT_VERSION = 1;
				DEVELOPMENT_TEAM = GX47BK9CV6;
				GENERATE_INFOPLIST_FILE = YES;
				IPHONEOS_DEPLOYMENT_TARGET = 16.0;
				MARKETING_VERSION = 1.0;
				PRODUCT_BUNDLE_IDENTIFIER = "com.anotherCMC.SurfMate-iOSTests";
				PRODUCT_NAME = "$(TARGET_NAME)";
				SUPPORTED_PLATFORMS = "iphoneos iphonesimulator";
				SUPPORTS_MACCATALYST = NO;
				SUPPORTS_MAC_DESIGNED_FOR_IPHONE_IPAD = NO;
				SWIFT_EMIT_LOC_STRINGS = NO;
				SWIFT_VERSION = 5.0;
				TARGETED_DEVICE_FAMILY = 1;
				TEST_HOST = "$(BUILT_PRODUCTS_DIR)/SurfMate_iOS.app/$(BUNDLE_EXECUTABLE_FOLDER_PATH)/SurfMate_iOS";
			};
			name = Debug;
		};
		BF2107AD29373F7C008E99D2 /* Release */ = {
			isa = XCBuildConfiguration;
			baseConfigurationReference = DA8010D93A898C9183861474 /* Pods-SurfMate_iOSTests.release.xcconfig */;
			buildSettings = {
				ALWAYS_EMBED_SWIFT_STANDARD_LIBRARIES = YES;
				BUNDLE_LOADER = "$(TEST_HOST)";
				CODE_SIGN_STYLE = Automatic;
				CURRENT_PROJECT_VERSION = 1;
				DEVELOPMENT_TEAM = GX47BK9CV6;
				GENERATE_INFOPLIST_FILE = YES;
				IPHONEOS_DEPLOYMENT_TARGET = 16.0;
				MARKETING_VERSION = 1.0;
				PRODUCT_BUNDLE_IDENTIFIER = "com.anotherCMC.SurfMate-iOSTests";
				PRODUCT_NAME = "$(TARGET_NAME)";
				SUPPORTED_PLATFORMS = "iphoneos iphonesimulator";
				SUPPORTS_MACCATALYST = NO;
				SUPPORTS_MAC_DESIGNED_FOR_IPHONE_IPAD = NO;
				SWIFT_EMIT_LOC_STRINGS = NO;
				SWIFT_VERSION = 5.0;
				TARGETED_DEVICE_FAMILY = 1;
				TEST_HOST = "$(BUILT_PRODUCTS_DIR)/SurfMate_iOS.app/$(BUNDLE_EXECUTABLE_FOLDER_PATH)/SurfMate_iOS";
			};
			name = Release;
		};
		BF2107AF29373F7C008E99D2 /* Debug */ = {
			isa = XCBuildConfiguration;
			baseConfigurationReference = 1E3FB102429D4E6CF601A2D2 /* Pods-SurfMate_iOS-SurfMate_iOSUITests.debug.xcconfig */;
			buildSettings = {
				ALWAYS_EMBED_SWIFT_STANDARD_LIBRARIES = YES;
				CODE_SIGN_STYLE = Automatic;
				CURRENT_PROJECT_VERSION = 1;
				DEVELOPMENT_TEAM = GX47BK9CV6;
				GENERATE_INFOPLIST_FILE = YES;
				IPHONEOS_DEPLOYMENT_TARGET = 16.0;
				MARKETING_VERSION = 1.0;
				PRODUCT_BUNDLE_IDENTIFIER = "com.anotherCMC.SurfMate-iOSUITests";
				PRODUCT_NAME = "$(TARGET_NAME)";
				SUPPORTED_PLATFORMS = "iphoneos iphonesimulator";
				SUPPORTS_MACCATALYST = NO;
				SUPPORTS_MAC_DESIGNED_FOR_IPHONE_IPAD = NO;
				SWIFT_EMIT_LOC_STRINGS = NO;
				SWIFT_VERSION = 5.0;
				TARGETED_DEVICE_FAMILY = 1;
				TEST_TARGET_NAME = SurfMate_iOS;
			};
			name = Debug;
		};
		BF2107B029373F7C008E99D2 /* Release */ = {
			isa = XCBuildConfiguration;
			baseConfigurationReference = 3D10511C8705B414B2A99B98 /* Pods-SurfMate_iOS-SurfMate_iOSUITests.release.xcconfig */;
			buildSettings = {
				ALWAYS_EMBED_SWIFT_STANDARD_LIBRARIES = YES;
				CODE_SIGN_STYLE = Automatic;
				CURRENT_PROJECT_VERSION = 1;
				DEVELOPMENT_TEAM = GX47BK9CV6;
				GENERATE_INFOPLIST_FILE = YES;
				IPHONEOS_DEPLOYMENT_TARGET = 16.0;
				MARKETING_VERSION = 1.0;
				PRODUCT_BUNDLE_IDENTIFIER = "com.anotherCMC.SurfMate-iOSUITests";
				PRODUCT_NAME = "$(TARGET_NAME)";
				SUPPORTED_PLATFORMS = "iphoneos iphonesimulator";
				SUPPORTS_MACCATALYST = NO;
				SUPPORTS_MAC_DESIGNED_FOR_IPHONE_IPAD = NO;
				SWIFT_EMIT_LOC_STRINGS = NO;
				SWIFT_VERSION = 5.0;
				TARGETED_DEVICE_FAMILY = 1;
				TEST_TARGET_NAME = SurfMate_iOS;
			};
			name = Release;
		};
/* End XCBuildConfiguration section */

/* Begin XCConfigurationList section */
		BF21077929373F7A008E99D2 /* Build configuration list for PBXProject "SurfMate_iOS" */ = {
			isa = XCConfigurationList;
			buildConfigurations = (
				BF2107A629373F7C008E99D2 /* Debug */,
				BF2107A729373F7C008E99D2 /* Release */,
			);
			defaultConfigurationIsVisible = 0;
			defaultConfigurationName = Release;
		};
		BF2107A829373F7C008E99D2 /* Build configuration list for PBXNativeTarget "SurfMate_iOS" */ = {
			isa = XCConfigurationList;
			buildConfigurations = (
				BF2107A929373F7C008E99D2 /* Debug */,
				BF2107AA29373F7C008E99D2 /* Release */,
			);
			defaultConfigurationIsVisible = 0;
			defaultConfigurationName = Release;
		};
		BF2107AB29373F7C008E99D2 /* Build configuration list for PBXNativeTarget "SurfMate_iOSTests" */ = {
			isa = XCConfigurationList;
			buildConfigurations = (
				BF2107AC29373F7C008E99D2 /* Debug */,
				BF2107AD29373F7C008E99D2 /* Release */,
			);
			defaultConfigurationIsVisible = 0;
			defaultConfigurationName = Release;
		};
		BF2107AE29373F7C008E99D2 /* Build configuration list for PBXNativeTarget "SurfMate_iOSUITests" */ = {
			isa = XCConfigurationList;
			buildConfigurations = (
				BF2107AF29373F7C008E99D2 /* Debug */,
				BF2107B029373F7C008E99D2 /* Release */,
			);
			defaultConfigurationIsVisible = 0;
			defaultConfigurationName = Release;
		};
/* End XCConfigurationList section */
	};
	rootObject = BF21077629373F7A008E99D2 /* Project object */;
}
